{
  "name": "ts-zxcvbn-benchmark",
  "lockfileVersion": 3,
  "requires": true,
  "packages": {
    "": {
      "name": "ts-zxcvbn-benchmark",
      "dependencies": {
        "@zxcvbn-ts/core": "^3.0.2",
        "@zxcvbn-ts/language-common": "^3.0.2",
        "@zxcvbn-ts/language-en": "^3.0.2",
        "ts-zxcvbn": "file:..",
        "zxcvbn": "^4.4.2",
        "zxcvbn-typescript": "^5.0.1"
      }
    },
    "..": {
      "version": "7.0.0",
      "license": "MIT",
      "devDependencies": {
        "@semantic-release/changelog": "6.0.3",
        "@semantic-release/commit-analyzer": "13.0.1",
        "@semantic-release/git": "10.0.1",
        "@semantic-release/github": "12.0.6",
        "@semantic-release/npm": "13.1.5",
        "@semantic-release/release-notes-generator": "14.1.0",
        "conventional-changelog-conventionalcommits": "9.3.0",
        "prettier": "3.8.1",
        "rimraf": "6.1.3",
        "semantic-release": "25.0.3",
        "tsup": "8.5.1",
        "tsx": "4.21.0",
        "typescript": "5.9.3",
        "vitepress": "1.6.4",
        "vitest": "4.1.0"
      }
    },
    "node_modules/@zxcvbn-ts/core": {
      "version": "3.0.4",
      "resolved": "https://registry.npmjs.org/@zxcvbn-ts/core/-/core-3.0.4.tgz",
      "integrity": "sha512-aQeiT0F09FuJaAqNrxynlAwZ2mW/1MdXakKWNmGM1Qp/VaY6CnB/GfnMS2T8gB2231Esp1/maCWd8vTG4OuShw==",
      "license": "MIT",
      "dependencies": {
        "fastest-levenshtein": "1.0.16"
      }
    },
    "node_modules/@zxcvbn-ts/language-common": {
      "version": "3.0.4",
      "resolved": "https://registry.npmjs.org/@zxcvbn-ts/language-common/-/language-common-3.0.4.tgz",
      "integrity": "sha512-viSNNnRYtc7ULXzxrQIVUNwHAPSXRtoIwy/Tq4XQQdIknBzw4vz36lQLF6mvhMlTIlpjoN/Z1GFu/fwiAlUSsw==",
      "license": "MIT"
    },
    "node_modules/@zxcvbn-ts/language-en": {
      "version": "3.0.2",
      "resolved": "https://registry.npmjs.org/@zxcvbn-ts/language-en/-/language-en-3.0.2.tgz",
      "integrity": "sha512-Zp+zL+I6Un2Bj0tRXNs6VUBq3Djt+hwTwUz4dkt2qgsQz47U0/XthZ4ULrT/RxjwJRl5LwiaKOOZeOtmixHnjg==",
      "license": "MIT"
    },
    "node_modules/fastest-levenshtein": {
      "version": "1.0.16",
      "resolved": "https://registry.npmjs.org/fastest-levenshtein/-/fastest-levenshtein-1.0.16.tgz",
      "integrity": "sha512-eRnCtTTtGZFpQCwhJiUOuxPQWRXVKYDn0b2PeHfXL6/Zi53SLAzAHfVhVWK2AryC/WH05kGfxhFIPvTF0SXQzg==",
      "license": "MIT",
      "engines": {
        "node": ">= 4.9.1"
      }
    },
    "node_modules/ts-zxcvbn": {
      "resolved": "..",
      "link": true
    },
    "node_modules/zxcvbn": {
      "version": "4.4.2",
      "resolved": "https://registry.npmjs.org/zxcvbn/-/zxcvbn-4.4.2.tgz",
      "integrity": "sha512-Bq0B+ixT/DMyG8kgX2xWcI5jUvCwqrMxSFam7m0lAf78nf04hv6lNCsyLYdyYTrCVMqNDY/206K7eExYCeSyUQ==",
      "license": "MIT"
    },
    "node_modules/zxcvbn-typescript": {
      "version": "5.0.1",
      "resolved": "https://registry.npmjs.org/zxcvbn-typescript/-/zxcvbn-typescript-5.0.1.tgz",
      "integrity": "sha512-If2a6jdm278dfWmn6NL7oC1lNYRHOthBw0C78LsKvtAHHFNsMudvFhDn2fF/b74txWtSosJJiuJ7jBPn/xP6HQ==",
      "license": "MIT"
    }
  }
}
